("quicklisp" .
 (:class qlot/source/dist:source-dist
  :initargs (:distribution "https://beta.quicklisp.org/dist/quicklisp.txt" :%version :latest)
  :version "2026-01-01"))
("uiop" .
 (:class qlot/source/ql:source-ql
  :initargs (:%version :latest)
  :version "ql-2024-10-12"))
("lem" .
 (:class qlot/source/git:source-git
  :initargs (:remote-url "https://github.com/lem-project/lem.git" :ref "f88ffd610b7c0ebcccf7451bc1ae5def314e3508")
  :version "git-f88ffd610b7c0ebcccf7451bc1ae5def314e3508"))
("micros" .
 (:class qlot/source/git:source-git
  :initargs (:remote-url "https://github.com/lem-project/micros.git" :ref "2ec61c8d6028d219cc511a0e41d9228761c84251")
  :version "git-2ec61c8d6028d219cc511a0e41d9228761c84251"))
("lem-mailbox" .
 (:class qlot/source/git:source-git
  :initargs (:remote-url "https://github.com/lem-project/lem-mailbox.git" :ref "12d629541da440fadf771b0225a051ae65fa342a")
  :version "git-12d629541da440fadf771b0225a051ae65fa342a"))
("async-process" .
 (:class qlot/source/git:source-git
  :initargs (:remote-url "https://github.com/lem-project/async-process.git" :ref "3ea46fcd238fdda101b644221ecf5e311c171a21")
  :version "git-3ea46fcd238fdda101b644221ecf5e311c171a21"))
("lem-extension-manager" .
 (:class qlot/source/git:source-git
  :initargs (:remote-url "https://github.com/lem-project/lem-extension-manager.git" :ref "fac3dd4c65f75d1ec9dbae62bc9945f4c9ba63a3")
  :version "git-fac3dd4c65f75d1ec9dbae62bc9945f4c9ba63a3"))
("jsonrpc" .
 (:class qlot/source/git:source-git
  :initargs (:remote-url "https://github.com/cxxxr/jsonrpc.git" :ref "42fa96ec34f6b6be77a6f12f7c4e84f375eff019")
  :version "git-42fa96ec34f6b6be77a6f12f7c4e84f375eff019"))
("tree-sitter-cl" .
 (:class qlot/source/git:source-git
  :initargs (:remote-url "https://github.com/lem-project/tree-sitter-cl.git" :ref "431b572d0e49d64a78320cc5f4b4a90391024ce6")
  :version "git-431b572d0e49d64a78320cc5f4b4a90391024ce6"))
